
Microsoft Visual Studio Solution File, Format Version 12.00
# Visual Studio 15
VisualStudioVersion = 15.0.26124.0
MinimumVisualStudioVersion = 15.0.26124.0
Project("{FAE04EC0-301F-11D3-BF4B-00C04F79EFBC}") = "TestCommon", "..\TestCommon\TestCommon.csproj", "{CFC54923-18E5-4B06-A792-B9E492D873E7}"
EndProject
Project("{FAE04EC0-301F-11D3-BF4B-00C04F79EFBC}") = "E1c", "E1c\E1c.csproj", "{275D9E9D-DA36-44E0-B3E9-B00B7932B97C}"
EndProject
Project("{FAE04EC0-301F-11D3-BF4B-00C04F79EFBC}") = "E1c.Tests", "E1c.Tests\E1c.Tests.csproj", "{A1996D02-A6DD-46D2-8B49-251FC5DF951C}"
EndProject
Global
	GlobalSection(SolutionConfigurationPlatforms) = preSolution
		Debug|Any CPU = Debug|Any CPU
		Debug|x64 = Debug|x64
		Debug|x86 = Debug|x86
		Release|Any CPU = Release|Any CPU
		Release|x64 = Release|x64
		Release|x86 = Release|x86
	EndGlobalSection
	GlobalSection(SolutionProperties) = preSolution
		HideSolutionNode = FALSE
	EndGlobalSection
	GlobalSection(ProjectConfigurationPlatforms) = postSolution
		{CFC54923-18E5-4B06-A792-B9E492D873E7}.Debug|Any CPU.ActiveCfg = Debug|Any CPU
		{CFC54923-18E5-4B06-A792-B9E492D873E7}.Debug|Any CPU.Build.0 = Debug|Any CPU
		{CFC54923-18E5-4B06-A792-B9E492D873E7}.Debug|x64.ActiveCfg = Debug|Any CPU
		{CFC54923-18E5-4B06-A792-B9E492D873E7}.Debug|x64.Build.0 = Debug|Any CPU
		{CFC54923-18E5-4B06-A792-B9E492D873E7}.Debug|x86.ActiveCfg = Debug|Any CPU
		{CFC54923-18E5-4B06-A792-B9E492D873E7}.Debug|x86.Build.0 = Debug|Any CPU
		{CFC54923-18E5-4B06-A792-B9E492D873E7}.Release|Any CPU.ActiveCfg = Release|Any CPU
		{CFC54923-18E5-4B06-A792-B9E492D873E7}.Release|Any CPU.Build.0 = Release|Any CPU
		{CFC54923-18E5-4B06-A792-B9E492D873E7}.Release|x64.ActiveCfg = Release|Any CPU
		{CFC54923-18E5-4B06-A792-B9E492D873E7}.Release|x64.Build.0 = Release|Any CPU
		{CFC54923-18E5-4B06-A792-B9E492D873E7}.Release|x86.ActiveCfg = Release|Any CPU
		{CFC54923-18E5-4B06-A792-B9E492D873E7}.Release|x86.Build.0 = Release|Any CPU
		{275D9E9D-DA36-44E0-B3E9-B00B7932B97C}.Debug|Any CPU.ActiveCfg = Debug|Any CPU
		{275D9E9D-DA36-44E0-B3E9-B00B7932B97C}.Debug|Any CPU.Build.0 = Debug|Any CPU
		{275D9E9D-DA36-44E0-B3E9-B00B7932B97C}.Debug|x64.ActiveCfg = Debug|Any CPU
		{275D9E9D-DA36-44E0-B3E9-B00B7932B97C}.Debug|x64.Build.0 = Debug|Any CPU
		{275D9E9D-DA36-44E0-B3E9-B00B7932B97C}.Debug|x86.ActiveCfg = Debug|Any CPU
		{275D9E9D-DA36-44E0-B3E9-B00B7932B97C}.Debug|x86.Build.0 = Debug|Any CPU
		{275D9E9D-DA36-44E0-B3E9-B00B7932B97C}.Release|Any CPU.ActiveCfg = Release|Any CPU
		{275D9E9D-DA36-44E0-B3E9-B00B7932B97C}.Release|Any CPU.Build.0 = Release|Any CPU
		{275D9E9D-DA36-44E0-B3E9-B00B7932B97C}.Release|x64.ActiveCfg = Release|Any CPU
		{275D9E9D-DA36-44E0-B3E9-B00B7932B97C}.Release|x64.Build.0 = Release|Any CPU
		{275D9E9D-DA36-44E0-B3E9-B00B7932B97C}.Release|x86.ActiveCfg = Release|Any CPU
		{275D9E9D-DA36-44E0-B3E9-B00B7932B97C}.Release|x86.Build.0 = Release|Any CPU
		{A1996D02-A6DD-46D2-8B49-251FC5DF951C}.Debug|Any CPU.ActiveCfg = Debug|Any CPU
		{A1996D02-A6DD-46D2-8B49-251FC5DF951C}.Debug|Any CPU.Build.0 = Debug|Any CPU
		{A1996D02-A6DD-46D2-8B49-251FC5DF951C}.Debug|x64.ActiveCfg = Debug|Any CPU
		{A1996D02-A6DD-46D2-8B49-251FC5DF951C}.Debug|x64.Build.0 = Debug|Any CPU
		{A1996D02-A6DD-46D2-8B49-251FC5DF951C}.Debug|x86.ActiveCfg = Debug|Any CPU
		{A1996D02-A6DD-46D2-8B49-251FC5DF951C}.Debug|x86.Build.0 = Debug|Any CPU
		{A1996D02-A6DD-46D2-8B49-251FC5DF951C}.Release|Any CPU.ActiveCfg = Release|Any CPU
		{A1996D02-A6DD-46D2-8B49-251FC5DF951C}.Release|Any CPU.Build.0 = Release|Any CPU
		{A1996D02-A6DD-46D2-8B49-251FC5DF951C}.Release|x64.ActiveCfg = Release|Any CPU
		{A1996D02-A6DD-46D2-8B49-251FC5DF951C}.Release|x64.Build.0 = Release|Any CPU
		{A1996D02-A6DD-46D2-8B49-251FC5DF951C}.Release|x86.ActiveCfg = Release|Any CPU
		{A1996D02-A6DD-46D2-8B49-251FC5DF951C}.Release|x86.Build.0 = Release|Any CPU
	EndGlobalSection
EndGlobal
