
Microsoft Visual Studio Solution File, Format Version 12.00
# Visual Studio 15
VisualStudioVersion = 15.0.26124.0
MinimumVisualStudioVersion = 15.0.26124.0
Project("{FAE04EC0-301F-11D3-BF4B-00C04F79EFBC}") = "TestCommon", "..\TestCommon\TestCommon.csproj", "{A47F616D-C2BB-4089-B723-152E6315BF27}"
EndProject
Project("{FAE04EC0-301F-11D3-BF4B-00C04F79EFBC}") = "A3", "A3\A3.csproj", "{B6638D1D-44EF-42B4-BA76-E9AD7A112109}"
EndProject
Project("{FAE04EC0-301F-11D3-BF4B-00C04F79EFBC}") = "A3.Tests", "A3.Tests\A3.Tests.csproj", "{037E102D-D69F-4BDA-86E2-F82667692DA9}"
EndProject
Global
	GlobalSection(SolutionConfigurationPlatforms) = preSolution
		Debug|Any CPU = Debug|Any CPU
		Debug|x64 = Debug|x64
		Debug|x86 = Debug|x86
		Release|Any CPU = Release|Any CPU
		Release|x64 = Release|x64
		Release|x86 = Release|x86
	EndGlobalSection
	GlobalSection(SolutionProperties) = preSolution
		HideSolutionNode = FALSE
	EndGlobalSection
	GlobalSection(ProjectConfigurationPlatforms) = postSolution
		{A47F616D-C2BB-4089-B723-152E6315BF27}.Debug|Any CPU.ActiveCfg = Debug|Any CPU
		{A47F616D-C2BB-4089-B723-152E6315BF27}.Debug|Any CPU.Build.0 = Debug|Any CPU
		{A47F616D-C2BB-4089-B723-152E6315BF27}.Debug|x64.ActiveCfg = Debug|Any CPU
		{A47F616D-C2BB-4089-B723-152E6315BF27}.Debug|x64.Build.0 = Debug|Any CPU
		{A47F616D-C2BB-4089-B723-152E6315BF27}.Debug|x86.ActiveCfg = Debug|Any CPU
		{A47F616D-C2BB-4089-B723-152E6315BF27}.Debug|x86.Build.0 = Debug|Any CPU
		{A47F616D-C2BB-4089-B723-152E6315BF27}.Release|Any CPU.ActiveCfg = Release|Any CPU
		{A47F616D-C2BB-4089-B723-152E6315BF27}.Release|Any CPU.Build.0 = Release|Any CPU
		{A47F616D-C2BB-4089-B723-152E6315BF27}.Release|x64.ActiveCfg = Release|Any CPU
		{A47F616D-C2BB-4089-B723-152E6315BF27}.Release|x64.Build.0 = Release|Any CPU
		{A47F616D-C2BB-4089-B723-152E6315BF27}.Release|x86.ActiveCfg = Release|Any CPU
		{A47F616D-C2BB-4089-B723-152E6315BF27}.Release|x86.Build.0 = Release|Any CPU
		{B6638D1D-44EF-42B4-BA76-E9AD7A112109}.Debug|Any CPU.ActiveCfg = Debug|Any CPU
		{B6638D1D-44EF-42B4-BA76-E9AD7A112109}.Debug|Any CPU.Build.0 = Debug|Any CPU
		{B6638D1D-44EF-42B4-BA76-E9AD7A112109}.Debug|x64.ActiveCfg = Debug|Any CPU
		{B6638D1D-44EF-42B4-BA76-E9AD7A112109}.Debug|x64.Build.0 = Debug|Any CPU
		{B6638D1D-44EF-42B4-BA76-E9AD7A112109}.Debug|x86.ActiveCfg = Debug|Any CPU
		{B6638D1D-44EF-42B4-BA76-E9AD7A112109}.Debug|x86.Build.0 = Debug|Any CPU
		{B6638D1D-44EF-42B4-BA76-E9AD7A112109}.Release|Any CPU.ActiveCfg = Release|Any CPU
		{B6638D1D-44EF-42B4-BA76-E9AD7A112109}.Release|Any CPU.Build.0 = Release|Any CPU
		{B6638D1D-44EF-42B4-BA76-E9AD7A112109}.Release|x64.ActiveCfg = Release|Any CPU
		{B6638D1D-44EF-42B4-BA76-E9AD7A112109}.Release|x64.Build.0 = Release|Any CPU
		{B6638D1D-44EF-42B4-BA76-E9AD7A112109}.Release|x86.ActiveCfg = Release|Any CPU
		{B6638D1D-44EF-42B4-BA76-E9AD7A112109}.Release|x86.Build.0 = Release|Any CPU
		{037E102D-D69F-4BDA-86E2-F82667692DA9}.Debug|Any CPU.ActiveCfg = Debug|Any CPU
		{037E102D-D69F-4BDA-86E2-F82667692DA9}.Debug|Any CPU.Build.0 = Debug|Any CPU
		{037E102D-D69F-4BDA-86E2-F82667692DA9}.Debug|x64.ActiveCfg = Debug|Any CPU
		{037E102D-D69F-4BDA-86E2-F82667692DA9}.Debug|x64.Build.0 = Debug|Any CPU
		{037E102D-D69F-4BDA-86E2-F82667692DA9}.Debug|x86.ActiveCfg = Debug|Any CPU
		{037E102D-D69F-4BDA-86E2-F82667692DA9}.Debug|x86.Build.0 = Debug|Any CPU
		{037E102D-D69F-4BDA-86E2-F82667692DA9}.Release|Any CPU.ActiveCfg = Release|Any CPU
		{037E102D-D69F-4BDA-86E2-F82667692DA9}.Release|Any CPU.Build.0 = Release|Any CPU
		{037E102D-D69F-4BDA-86E2-F82667692DA9}.Release|x64.ActiveCfg = Release|Any CPU
		{037E102D-D69F-4BDA-86E2-F82667692DA9}.Release|x64.Build.0 = Release|Any CPU
		{037E102D-D69F-4BDA-86E2-F82667692DA9}.Release|x86.ActiveCfg = Release|Any CPU
		{037E102D-D69F-4BDA-86E2-F82667692DA9}.Release|x86.Build.0 = Release|Any CPU
	EndGlobalSection
EndGlobal
